
Microsoft Visual Studio Solution File, Format Version 12.00
# Visual Studio 2013
VisualStudioVersion = 12.0.31101.0
MinimumVisualStudioVersion = 10.0.40219.1
Project("{FAE04EC0-301F-11D3-BF4B-00C04F79EFBC}") = "helloJkw", "helloJkw\helloJkw.csproj", "{A791C375-5967-4FCC-B38E-23B6982EE5D2}"
EndProject
Project("{FAE04EC0-301F-11D3-BF4B-00C04F79EFBC}") = "Extensions", "..\Extensions\Extensions\Extensions.csproj", "{5B845D86-AE90-40BC-9950-25F4D03C016A}"
EndProject
Project("{FAE04EC0-301F-11D3-BF4B-00C04F79EFBC}") = "HtmlAgilityPack.fx.4.5", "..\HtmlAgilityPack\HtmlAgilityPack\HtmlAgilityPack.fx.4.5.csproj", "{1028002A-BBE2-4FF2-94B7-A8368A8F6887}"
EndProject
Global
	GlobalSection(SolutionConfigurationPlatforms) = preSolution
		All|Any CPU = All|Any CPU
		All|Mixed Platforms = All|Mixed Platforms
		All|x86 = All|x86
		Debug|Any CPU = Debug|Any CPU
		Debug|Mixed Platforms = Debug|Mixed Platforms
		Debug|x86 = Debug|x86
		MonoDebug|Any CPU = MonoDebug|Any CPU
		MonoDebug|Mixed Platforms = MonoDebug|Mixed Platforms
		MonoDebug|x86 = MonoDebug|x86
		MonoRelease|Any CPU = MonoRelease|Any CPU
		MonoRelease|Mixed Platforms = MonoRelease|Mixed Platforms
		MonoRelease|x86 = MonoRelease|x86
		Release|Any CPU = Release|Any CPU
		Release|Mixed Platforms = Release|Mixed Platforms
		Release|x86 = Release|x86
	EndGlobalSection
	GlobalSection(ProjectConfigurationPlatforms) = postSolution
		{A791C375-5967-4FCC-B38E-23B6982EE5D2}.All|Any CPU.ActiveCfg = Release|Any CPU
		{A791C375-5967-4FCC-B38E-23B6982EE5D2}.All|Any CPU.Build.0 = Release|Any CPU
		{A791C375-5967-4FCC-B38E-23B6982EE5D2}.All|Mixed Platforms.ActiveCfg = Release|Any CPU
		{A791C375-5967-4FCC-B38E-23B6982EE5D2}.All|Mixed Platforms.Build.0 = Release|Any CPU
		{A791C375-5967-4FCC-B38E-23B6982EE5D2}.All|x86.ActiveCfg = Release|Any CPU
		{A791C375-5967-4FCC-B38E-23B6982EE5D2}.Debug|Any CPU.ActiveCfg = Debug|Any CPU
		{A791C375-5967-4FCC-B38E-23B6982EE5D2}.Debug|Any CPU.Build.0 = Debug|Any CPU
		{A791C375-5967-4FCC-B38E-23B6982EE5D2}.Debug|Mixed Platforms.ActiveCfg = Debug|Any CPU
		{A791C375-5967-4FCC-B38E-23B6982EE5D2}.Debug|Mixed Platforms.Build.0 = Debug|Any CPU
		{A791C375-5967-4FCC-B38E-23B6982EE5D2}.Debug|x86.ActiveCfg = Debug|Any CPU
		{A791C375-5967-4FCC-B38E-23B6982EE5D2}.MonoDebug|Any CPU.ActiveCfg = Debug|Any CPU
		{A791C375-5967-4FCC-B38E-23B6982EE5D2}.MonoDebug|Any CPU.Build.0 = Debug|Any CPU
		{A791C375-5967-4FCC-B38E-23B6982EE5D2}.MonoDebug|Mixed Platforms.ActiveCfg = Debug|Any CPU
		{A791C375-5967-4FCC-B38E-23B6982EE5D2}.MonoDebug|Mixed Platforms.Build.0 = Debug|Any CPU
		{A791C375-5967-4FCC-B38E-23B6982EE5D2}.MonoDebug|x86.ActiveCfg = Debug|Any CPU
		{A791C375-5967-4FCC-B38E-23B6982EE5D2}.MonoRelease|Any CPU.ActiveCfg = Release|Any CPU
		{A791C375-5967-4FCC-B38E-23B6982EE5D2}.MonoRelease|Any CPU.Build.0 = Release|Any CPU
		{A791C375-5967-4FCC-B38E-23B6982EE5D2}.MonoRelease|Mixed Platforms.ActiveCfg = Release|Any CPU
		{A791C375-5967-4FCC-B38E-23B6982EE5D2}.MonoRelease|Mixed Platforms.Build.0 = Release|Any CPU
		{A791C375-5967-4FCC-B38E-23B6982EE5D2}.MonoRelease|x86.ActiveCfg = Release|Any CPU
		{A791C375-5967-4FCC-B38E-23B6982EE5D2}.Release|Any CPU.ActiveCfg = Release|Any CPU
		{A791C375-5967-4FCC-B38E-23B6982EE5D2}.Release|Any CPU.Build.0 = Release|Any CPU
		{A791C375-5967-4FCC-B38E-23B6982EE5D2}.Release|Mixed Platforms.ActiveCfg = Release|Any CPU
		{A791C375-5967-4FCC-B38E-23B6982EE5D2}.Release|Mixed Platforms.Build.0 = Release|Any CPU
		{A791C375-5967-4FCC-B38E-23B6982EE5D2}.Release|x86.ActiveCfg = Release|Any CPU
		{5B845D86-AE90-40BC-9950-25F4D03C016A}.All|Any CPU.ActiveCfg = Release|Any CPU
		{5B845D86-AE90-40BC-9950-25F4D03C016A}.All|Any CPU.Build.0 = Release|Any CPU
		{5B845D86-AE90-40BC-9950-25F4D03C016A}.All|Mixed Platforms.ActiveCfg = Release|Any CPU
		{5B845D86-AE90-40BC-9950-25F4D03C016A}.All|Mixed Platforms.Build.0 = Release|Any CPU
		{5B845D86-AE90-40BC-9950-25F4D03C016A}.All|x86.ActiveCfg = Release|Any CPU
		{5B845D86-AE90-40BC-9950-25F4D03C016A}.Debug|Any CPU.ActiveCfg = Debug|Any CPU
		{5B845D86-AE90-40BC-9950-25F4D03C016A}.Debug|Any CPU.Build.0 = Debug|Any CPU
		{5B845D86-AE90-40BC-9950-25F4D03C016A}.Debug|Mixed Platforms.ActiveCfg = Debug|Any CPU
		{5B845D86-AE90-40BC-9950-25F4D03C016A}.Debug|Mixed Platforms.Build.0 = Debug|Any CPU
		{5B845D86-AE90-40BC-9950-25F4D03C016A}.Debug|x86.ActiveCfg = Debug|Any CPU
		{5B845D86-AE90-40BC-9950-25F4D03C016A}.MonoDebug|Any CPU.ActiveCfg = Debug|Any CPU
		{5B845D86-AE90-40BC-9950-25F4D03C016A}.MonoDebug|Any CPU.Build.0 = Debug|Any CPU
		{5B845D86-AE90-40BC-9950-25F4D03C016A}.MonoDebug|Mixed Platforms.ActiveCfg = Debug|Any CPU
		{5B845D86-AE90-40BC-9950-25F4D03C016A}.MonoDebug|Mixed Platforms.Build.0 = Debug|Any CPU
		{5B845D86-AE90-40BC-9950-25F4D03C016A}.MonoDebug|x86.ActiveCfg = Debug|Any CPU
		{5B845D86-AE90-40BC-9950-25F4D03C016A}.MonoRelease|Any CPU.ActiveCfg = Release|Any CPU
		{5B845D86-AE90-40BC-9950-25F4D03C016A}.MonoRelease|Any CPU.Build.0 = Release|Any CPU
		{5B845D86-AE90-40BC-9950-25F4D03C016A}.MonoRelease|Mixed Platforms.ActiveCfg = Release|Any CPU
		{5B845D86-AE90-40BC-9950-25F4D03C016A}.MonoRelease|Mixed Platforms.Build.0 = Release|Any CPU
		{5B845D86-AE90-40BC-9950-25F4D03C016A}.MonoRelease|x86.ActiveCfg = Release|Any CPU
		{5B845D86-AE90-40BC-9950-25F4D03C016A}.Release|Any CPU.ActiveCfg = Release|Any CPU
		{5B845D86-AE90-40BC-9950-25F4D03C016A}.Release|Any CPU.Build.0 = Release|Any CPU
		{5B845D86-AE90-40BC-9950-25F4D03C016A}.Release|Mixed Platforms.ActiveCfg = Release|Any CPU
		{5B845D86-AE90-40BC-9950-25F4D03C016A}.Release|Mixed Platforms.Build.0 = Release|Any CPU
		{5B845D86-AE90-40BC-9950-25F4D03C016A}.Release|x86.ActiveCfg = Release|Any CPU
		{1028002A-BBE2-4FF2-94B7-A8368A8F6887}.All|Any CPU.ActiveCfg = Release|Any CPU
		{1028002A-BBE2-4FF2-94B7-A8368A8F6887}.All|Any CPU.Build.0 = Release|Any CPU
		{1028002A-BBE2-4FF2-94B7-A8368A8F6887}.All|Mixed Platforms.ActiveCfg = Release|Any CPU
		{1028002A-BBE2-4FF2-94B7-A8368A8F6887}.All|Mixed Platforms.Build.0 = Release|Any CPU
		{1028002A-BBE2-4FF2-94B7-A8368A8F6887}.All|x86.ActiveCfg = Release|Any CPU
		{1028002A-BBE2-4FF2-94B7-A8368A8F6887}.Debug|Any CPU.ActiveCfg = Debug|Any CPU
		{1028002A-BBE2-4FF2-94B7-A8368A8F6887}.Debug|Any CPU.Build.0 = Debug|Any CPU
		{1028002A-BBE2-4FF2-94B7-A8368A8F6887}.Debug|Mixed Platforms.ActiveCfg = Debug|Any CPU
		{1028002A-BBE2-4FF2-94B7-A8368A8F6887}.Debug|Mixed Platforms.Build.0 = Debug|Any CPU
		{1028002A-BBE2-4FF2-94B7-A8368A8F6887}.Debug|x86.ActiveCfg = Debug|Any CPU
		{1028002A-BBE2-4FF2-94B7-A8368A8F6887}.MonoDebug|Any CPU.ActiveCfg = Debug|Any CPU
		{1028002A-BBE2-4FF2-94B7-A8368A8F6887}.MonoDebug|Any CPU.Build.0 = Debug|Any CPU
		{1028002A-BBE2-4FF2-94B7-A8368A8F6887}.MonoDebug|Mixed Platforms.ActiveCfg = Debug|Any CPU
		{1028002A-BBE2-4FF2-94B7-A8368A8F6887}.MonoDebug|Mixed Platforms.Build.0 = Debug|Any CPU
		{1028002A-BBE2-4FF2-94B7-A8368A8F6887}.MonoDebug|x86.ActiveCfg = Debug|Any CPU
		{1028002A-BBE2-4FF2-94B7-A8368A8F6887}.MonoRelease|Any CPU.ActiveCfg = Release|Any CPU
		{1028002A-BBE2-4FF2-94B7-A8368A8F6887}.MonoRelease|Any CPU.Build.0 = Release|Any CPU
		{1028002A-BBE2-4FF2-94B7-A8368A8F6887}.MonoRelease|Mixed Platforms.ActiveCfg = Release|Any CPU
		{1028002A-BBE2-4FF2-94B7-A8368A8F6887}.MonoRelease|Mixed Platforms.Build.0 = Release|Any CPU
		{1028002A-BBE2-4FF2-94B7-A8368A8F6887}.MonoRelease|x86.ActiveCfg = Release|Any CPU
		{1028002A-BBE2-4FF2-94B7-A8368A8F6887}.Release|Any CPU.ActiveCfg = Release|Any CPU
		{1028002A-BBE2-4FF2-94B7-A8368A8F6887}.Release|Any CPU.Build.0 = Release|Any CPU
		{1028002A-BBE2-4FF2-94B7-A8368A8F6887}.Release|Mixed Platforms.ActiveCfg = Release|Any CPU
		{1028002A-BBE2-4FF2-94B7-A8368A8F6887}.Release|Mixed Platforms.Build.0 = Release|Any CPU
		{1028002A-BBE2-4FF2-94B7-A8368A8F6887}.Release|x86.ActiveCfg = Release|Any CPU
	EndGlobalSection
	GlobalSection(SolutionProperties) = preSolution
		HideSolutionNode = FALSE
	EndGlobalSection
EndGlobal
